# This file is automatically @generated by Cargo.
# It is not intended for manual editing.
version = 4

[[package]]
name = "wem-analysis"
version = "0.1.0"
dependencies = [
 "wem-scheduling",
]

[[package]]
name = "wem-container"
version = "0.1.0"

[[package]]
name = "wem-core"
version = "0.1.0"
dependencies = [
 "wem-analysis",
 "wem-container",
 "wem-profiles",
 "wem-scheduling",
 "wem-vorbis",
]

[[package]]
name = "wem-profiles"
version = "0.1.0"
dependencies = [
 "wem-analysis",
 "wem-vorbis",
]

[[package]]
name = "wem-rust-example"
version = "0.1.0"
dependencies = [
 "wem-core",
]

[[package]]
name = "wem-scheduling"
version = "0.1.0"

[[package]]
name = "wem-vorbis"
version = "0.1.0"
dependencies = [
 "wem-analysis",
]
